
Microsoft Visual Studio Solution File, Format Version 12.00
# Visual Studio Version 17
VisualStudioVersion = 17.10.34916.146
MinimumVisualStudioVersion = 10.0.40219.1
Project("{9A19103F-16F7-4668-BE54-9A1E7A4F7556}") = "El_Catalan_Hospital.API", "El_Catalan_Hospital\El_Catalan_Hospital.API.csproj", "{D773477F-EFAB-4301-B927-8941835179D9}"
EndProject
Project("{9A19103F-16F7-4668-BE54-9A1E7A4F7556}") = "El_Catalan_Hospital.models", "El_Catalan_Hospital.models\El_Catalan_Hospital.models.csproj", "{E607B204-BF61-47A6-9BAF-7786AAA1AFD5}"
EndProject
Project("{9A19103F-16F7-4668-BE54-9A1E7A4F7556}") = "El_Catalan_Hospital.DataAccessLayer", "El_Catalan_Hospital.DataAccessLayer\El_Catalan_Hospital.DataAccessLayer.csproj", "{348B5E48-90E7-4241-A03C-AA26596B4BEE}"
EndProject
Project("{FAE04EC0-301F-11D3-BF4B-00C04F79EFBC}") = "El_Catalan_Hospital.BLL", "El_Catalan_Hospital.BLL\El_Catalan_Hospital.BLL.csproj", "{DA0CD30E-CCD0-403F-ADE7-7AF50E1B5D8A}"
EndProject
Global
	GlobalSection(SolutionConfigurationPlatforms) = preSolution
		Debug|Any CPU = Debug|Any CPU
		Release|Any CPU = Release|Any CPU
	EndGlobalSection
	GlobalSection(ProjectConfigurationPlatforms) = postSolution
		{D773477F-EFAB-4301-B927-8941835179D9}.Debug|Any CPU.ActiveCfg = Debug|Any CPU
		{D773477F-EFAB-4301-B927-8941835179D9}.Debug|Any CPU.Build.0 = Debug|Any CPU
		{D773477F-EFAB-4301-B927-8941835179D9}.Release|Any CPU.ActiveCfg = Release|Any CPU
		{D773477F-EFAB-4301-B927-8941835179D9}.Release|Any CPU.Build.0 = Release|Any CPU
		{E607B204-BF61-47A6-9BAF-7786AAA1AFD5}.Debug|Any CPU.ActiveCfg = Debug|Any CPU
		{E607B204-BF61-47A6-9BAF-7786AAA1AFD5}.Debug|Any CPU.Build.0 = Debug|Any CPU
		{E607B204-BF61-47A6-9BAF-7786AAA1AFD5}.Release|Any CPU.ActiveCfg = Release|Any CPU
		{E607B204-BF61-47A6-9BAF-7786AAA1AFD5}.Release|Any CPU.Build.0 = Release|Any CPU
		{348B5E48-90E7-4241-A03C-AA26596B4BEE}.Debug|Any CPU.ActiveCfg = Debug|Any CPU
		{348B5E48-90E7-4241-A03C-AA26596B4BEE}.Debug|Any CPU.Build.0 = Debug|Any CPU
		{348B5E48-90E7-4241-A03C-AA26596B4BEE}.Release|Any CPU.ActiveCfg = Release|Any CPU
		{348B5E48-90E7-4241-A03C-AA26596B4BEE}.Release|Any CPU.Build.0 = Release|Any CPU
		{DA0CD30E-CCD0-403F-ADE7-7AF50E1B5D8A}.Debug|Any CPU.ActiveCfg = Debug|Any CPU
		{DA0CD30E-CCD0-403F-ADE7-7AF50E1B5D8A}.Debug|Any CPU.Build.0 = Debug|Any CPU
		{DA0CD30E-CCD0-403F-ADE7-7AF50E1B5D8A}.Release|Any CPU.ActiveCfg = Release|Any CPU
		{DA0CD30E-CCD0-403F-ADE7-7AF50E1B5D8A}.Release|Any CPU.Build.0 = Release|Any CPU
	EndGlobalSection
	GlobalSection(SolutionProperties) = preSolution
		HideSolutionNode = FALSE
	EndGlobalSection
	GlobalSection(ExtensibilityGlobals) = postSolution
		SolutionGuid = {79802C9F-EE30-4F17-881B-FCC3C535280E}
	EndGlobalSection
EndGlobal
